
Microsoft Visual Studio Solution File, Format Version 12.00
# Visual Studio Version 16
VisualStudioVersion = 16.6.30114.105
MinimumVisualStudioVersion = 10.0.40219.1
Project("{2150E333-8FDC-42A3-9474-1A3956D46DE8}") = "Service", "Service", "{4795FF4F-D3C1-4316-ABA1-2A9CAF9A12D7}"
EndProject
Project("{9A19103F-16F7-4668-BE54-9A1E7A4F7556}") = "Api", "Service\Api\Api.csproj", "{A52DC9C9-2227-4AA9-9571-C651411A0C53}"
EndProject
Project("{9A19103F-16F7-4668-BE54-9A1E7A4F7556}") = "Application", "Service\Application\Application.csproj", "{8F58EC5D-2C97-435C-86C6-A84EE260BC2D}"
EndProject
Project("{9A19103F-16F7-4668-BE54-9A1E7A4F7556}") = "Domain", "Service\Domain\Domain.csproj", "{CD5691F4-AE16-4663-BBD3-6C07A8D3B634}"
EndProject
Project("{9A19103F-16F7-4668-BE54-9A1E7A4F7556}") = "Infrastructure", "Service\Infrastructure\Infrastructure.csproj", "{7DF16C8F-F62C-4F64-96BA-49BD136CD99B}"
EndProject
Project("{2150E333-8FDC-42A3-9474-1A3956D46DE8}") = "Common", "Common", "{C5DF8FC8-8C37-43B1-99DF-B3B2158DB31A}"
EndProject
Project("{9A19103F-16F7-4668-BE54-9A1E7A4F7556}") = "EventStore", "Common\EventStore\EventStore.csproj", "{DDFEF586-F937-4ACC-A38B-3B1041A35FC1}"
EndProject
Project("{9A19103F-16F7-4668-BE54-9A1E7A4F7556}") = "Core", "Common\Core\Core.csproj", "{51DBBED3-8522-411F-B0B5-94B29B58B65A}"
EndProject
Project("{9A19103F-16F7-4668-BE54-9A1E7A4F7556}") = "MessageBrokers", "Common\MessageBrokers\MessageBrokers.csproj", "{8AF24392-1D50-43E2-AC35-1BCDF0DA1DFF}"
EndProject
Project("{2150E333-8FDC-42A3-9474-1A3956D46DE8}") = "Functions", "Functions", "{3DF7959F-E971-410A-8D40-EC2E223E5C9B}"
EndProject
Project("{9A19103F-16F7-4668-BE54-9A1E7A4F7556}") = "Events.Repository", "Functions\Events.Repository\Events.Repository.csproj", "{2B4AE1C8-2DB3-4540-ACAE-3FC8081AE960}"
EndProject
Project("{E53339B2-1760-4266-BCC7-CA923CBCF16C}") = "docker-compose", "docker-compose.dcproj", "{27059B10-8337-4F02-8F0E-32F03104400A}"
EndProject
Global
	GlobalSection(SolutionConfigurationPlatforms) = preSolution
		Debug|Any CPU = Debug|Any CPU
		Debug|x64 = Debug|x64
		Debug|x86 = Debug|x86
		Release|Any CPU = Release|Any CPU
		Release|x64 = Release|x64
		Release|x86 = Release|x86
	EndGlobalSection
	GlobalSection(ProjectConfigurationPlatforms) = postSolution
		{A52DC9C9-2227-4AA9-9571-C651411A0C53}.Debug|Any CPU.ActiveCfg = Debug|Any CPU
		{A52DC9C9-2227-4AA9-9571-C651411A0C53}.Debug|Any CPU.Build.0 = Debug|Any CPU
		{A52DC9C9-2227-4AA9-9571-C651411A0C53}.Debug|x64.ActiveCfg = Debug|Any CPU
		{A52DC9C9-2227-4AA9-9571-C651411A0C53}.Debug|x64.Build.0 = Debug|Any CPU
		{A52DC9C9-2227-4AA9-9571-C651411A0C53}.Debug|x86.ActiveCfg = Debug|Any CPU
		{A52DC9C9-2227-4AA9-9571-C651411A0C53}.Debug|x86.Build.0 = Debug|Any CPU
		{A52DC9C9-2227-4AA9-9571-C651411A0C53}.Release|Any CPU.ActiveCfg = Release|Any CPU
		{A52DC9C9-2227-4AA9-9571-C651411A0C53}.Release|Any CPU.Build.0 = Release|Any CPU
		{A52DC9C9-2227-4AA9-9571-C651411A0C53}.Release|x64.ActiveCfg = Release|Any CPU
		{A52DC9C9-2227-4AA9-9571-C651411A0C53}.Release|x64.Build.0 = Release|Any CPU
		{A52DC9C9-2227-4AA9-9571-C651411A0C53}.Release|x86.ActiveCfg = Release|Any CPU
		{A52DC9C9-2227-4AA9-9571-C651411A0C53}.Release|x86.Build.0 = Release|Any CPU
		{8F58EC5D-2C97-435C-86C6-A84EE260BC2D}.Debug|Any CPU.ActiveCfg = Debug|Any CPU
		{8F58EC5D-2C97-435C-86C6-A84EE260BC2D}.Debug|Any CPU.Build.0 = Debug|Any CPU
		{8F58EC5D-2C97-435C-86C6-A84EE260BC2D}.Debug|x64.ActiveCfg = Debug|Any CPU
		{8F58EC5D-2C97-435C-86C6-A84EE260BC2D}.Debug|x64.Build.0 = Debug|Any CPU
		{8F58EC5D-2C97-435C-86C6-A84EE260BC2D}.Debug|x86.ActiveCfg = Debug|Any CPU
		{8F58EC5D-2C97-435C-86C6-A84EE260BC2D}.Debug|x86.Build.0 = Debug|Any CPU
		{8F58EC5D-2C97-435C-86C6-A84EE260BC2D}.Release|Any CPU.ActiveCfg = Release|Any CPU
		{8F58EC5D-2C97-435C-86C6-A84EE260BC2D}.Release|Any CPU.Build.0 = Release|Any CPU
		{8F58EC5D-2C97-435C-86C6-A84EE260BC2D}.Release|x64.ActiveCfg = Release|Any CPU
		{8F58EC5D-2C97-435C-86C6-A84EE260BC2D}.Release|x64.Build.0 = Release|Any CPU
		{8F58EC5D-2C97-435C-86C6-A84EE260BC2D}.Release|x86.ActiveCfg = Release|Any CPU
		{8F58EC5D-2C97-435C-86C6-A84EE260BC2D}.Release|x86.Build.0 = Release|Any CPU
		{CD5691F4-AE16-4663-BBD3-6C07A8D3B634}.Debug|Any CPU.ActiveCfg = Debug|Any CPU
		{CD5691F4-AE16-4663-BBD3-6C07A8D3B634}.Debug|Any CPU.Build.0 = Debug|Any CPU
		{CD5691F4-AE16-4663-BBD3-6C07A8D3B634}.Debug|x64.ActiveCfg = Debug|Any CPU
		{CD5691F4-AE16-4663-BBD3-6C07A8D3B634}.Debug|x64.Build.0 = Debug|Any CPU
		{CD5691F4-AE16-4663-BBD3-6C07A8D3B634}.Debug|x86.ActiveCfg = Debug|Any CPU
		{CD5691F4-AE16-4663-BBD3-6C07A8D3B634}.Debug|x86.Build.0 = Debug|Any CPU
		{CD5691F4-AE16-4663-BBD3-6C07A8D3B634}.Release|Any CPU.ActiveCfg = Release|Any CPU
		{CD5691F4-AE16-4663-BBD3-6C07A8D3B634}.Release|Any CPU.Build.0 = Release|Any CPU
		{CD5691F4-AE16-4663-BBD3-6C07A8D3B634}.Release|x64.ActiveCfg = Release|Any CPU
		{CD5691F4-AE16-4663-BBD3-6C07A8D3B634}.Release|x64.Build.0 = Release|Any CPU
		{CD5691F4-AE16-4663-BBD3-6C07A8D3B634}.Release|x86.ActiveCfg = Release|Any CPU
		{CD5691F4-AE16-4663-BBD3-6C07A8D3B634}.Release|x86.Build.0 = Release|Any CPU
		{7DF16C8F-F62C-4F64-96BA-49BD136CD99B}.Debug|Any CPU.ActiveCfg = Debug|Any CPU
		{7DF16C8F-F62C-4F64-96BA-49BD136CD99B}.Debug|Any CPU.Build.0 = Debug|Any CPU
		{7DF16C8F-F62C-4F64-96BA-49BD136CD99B}.Debug|x64.ActiveCfg = Debug|Any CPU
		{7DF16C8F-F62C-4F64-96BA-49BD136CD99B}.Debug|x64.Build.0 = Debug|Any CPU
		{7DF16C8F-F62C-4F64-96BA-49BD136CD99B}.Debug|x86.ActiveCfg = Debug|Any CPU
		{7DF16C8F-F62C-4F64-96BA-49BD136CD99B}.Debug|x86.Build.0 = Debug|Any CPU
		{7DF16C8F-F62C-4F64-96BA-49BD136CD99B}.Release|Any CPU.ActiveCfg = Release|Any CPU
		{7DF16C8F-F62C-4F64-96BA-49BD136CD99B}.Release|Any CPU.Build.0 = Release|Any CPU
		{7DF16C8F-F62C-4F64-96BA-49BD136CD99B}.Release|x64.ActiveCfg = Release|Any CPU
		{7DF16C8F-F62C-4F64-96BA-49BD136CD99B}.Release|x64.Build.0 = Release|Any CPU
		{7DF16C8F-F62C-4F64-96BA-49BD136CD99B}.Release|x86.ActiveCfg = Release|Any CPU
		{7DF16C8F-F62C-4F64-96BA-49BD136CD99B}.Release|x86.Build.0 = Release|Any CPU
		{DDFEF586-F937-4ACC-A38B-3B1041A35FC1}.Debug|Any CPU.ActiveCfg = Debug|Any CPU
		{DDFEF586-F937-4ACC-A38B-3B1041A35FC1}.Debug|Any CPU.Build.0 = Debug|Any CPU
		{DDFEF586-F937-4ACC-A38B-3B1041A35FC1}.Debug|x64.ActiveCfg = Debug|Any CPU
		{DDFEF586-F937-4ACC-A38B-3B1041A35FC1}.Debug|x64.Build.0 = Debug|Any CPU
		{DDFEF586-F937-4ACC-A38B-3B1041A35FC1}.Debug|x86.ActiveCfg = Debug|Any CPU
		{DDFEF586-F937-4ACC-A38B-3B1041A35FC1}.Debug|x86.Build.0 = Debug|Any CPU
		{DDFEF586-F937-4ACC-A38B-3B1041A35FC1}.Release|Any CPU.ActiveCfg = Release|Any CPU
		{DDFEF586-F937-4ACC-A38B-3B1041A35FC1}.Release|Any CPU.Build.0 = Release|Any CPU
		{DDFEF586-F937-4ACC-A38B-3B1041A35FC1}.Release|x64.ActiveCfg = Release|Any CPU
		{DDFEF586-F937-4ACC-A38B-3B1041A35FC1}.Release|x64.Build.0 = Release|Any CPU
		{DDFEF586-F937-4ACC-A38B-3B1041A35FC1}.Release|x86.ActiveCfg = Release|Any CPU
		{DDFEF586-F937-4ACC-A38B-3B1041A35FC1}.Release|x86.Build.0 = Release|Any CPU
		{51DBBED3-8522-411F-B0B5-94B29B58B65A}.Debug|Any CPU.ActiveCfg = Debug|Any CPU
		{51DBBED3-8522-411F-B0B5-94B29B58B65A}.Debug|Any CPU.Build.0 = Debug|Any CPU
		{51DBBED3-8522-411F-B0B5-94B29B58B65A}.Debug|x64.ActiveCfg = Debug|Any CPU
		{51DBBED3-8522-411F-B0B5-94B29B58B65A}.Debug|x64.Build.0 = Debug|Any CPU
		{51DBBED3-8522-411F-B0B5-94B29B58B65A}.Debug|x86.ActiveCfg = Debug|Any CPU
		{51DBBED3-8522-411F-B0B5-94B29B58B65A}.Debug|x86.Build.0 = Debug|Any CPU
		{51DBBED3-8522-411F-B0B5-94B29B58B65A}.Release|Any CPU.ActiveCfg = Release|Any CPU
		{51DBBED3-8522-411F-B0B5-94B29B58B65A}.Release|Any CPU.Build.0 = Release|Any CPU
		{51DBBED3-8522-411F-B0B5-94B29B58B65A}.Release|x64.ActiveCfg = Release|Any CPU
		{51DBBED3-8522-411F-B0B5-94B29B58B65A}.Release|x64.Build.0 = Release|Any CPU
		{51DBBED3-8522-411F-B0B5-94B29B58B65A}.Release|x86.ActiveCfg = Release|Any CPU
		{51DBBED3-8522-411F-B0B5-94B29B58B65A}.Release|x86.Build.0 = Release|Any CPU
		{8AF24392-1D50-43E2-AC35-1BCDF0DA1DFF}.Debug|Any CPU.ActiveCfg = Debug|Any CPU
		{8AF24392-1D50-43E2-AC35-1BCDF0DA1DFF}.Debug|Any CPU.Build.0 = Debug|Any CPU
		{8AF24392-1D50-43E2-AC35-1BCDF0DA1DFF}.Debug|x64.ActiveCfg = Debug|Any CPU
		{8AF24392-1D50-43E2-AC35-1BCDF0DA1DFF}.Debug|x64.Build.0 = Debug|Any CPU
		{8AF24392-1D50-43E2-AC35-1BCDF0DA1DFF}.Debug|x86.ActiveCfg = Debug|Any CPU
		{8AF24392-1D50-43E2-AC35-1BCDF0DA1DFF}.Debug|x86.Build.0 = Debug|Any CPU
		{8AF24392-1D50-43E2-AC35-1BCDF0DA1DFF}.Release|Any CPU.ActiveCfg = Release|Any CPU
		{8AF24392-1D50-43E2-AC35-1BCDF0DA1DFF}.Release|Any CPU.Build.0 = Release|Any CPU
		{8AF24392-1D50-43E2-AC35-1BCDF0DA1DFF}.Release|x64.ActiveCfg = Release|Any CPU
		{8AF24392-1D50-43E2-AC35-1BCDF0DA1DFF}.Release|x64.Build.0 = Release|Any CPU
		{8AF24392-1D50-43E2-AC35-1BCDF0DA1DFF}.Release|x86.ActiveCfg = Release|Any CPU
		{8AF24392-1D50-43E2-AC35-1BCDF0DA1DFF}.Release|x86.Build.0 = Release|Any CPU
		{2B4AE1C8-2DB3-4540-ACAE-3FC8081AE960}.Debug|Any CPU.ActiveCfg = Debug|Any CPU
		{2B4AE1C8-2DB3-4540-ACAE-3FC8081AE960}.Debug|Any CPU.Build.0 = Debug|Any CPU
		{2B4AE1C8-2DB3-4540-ACAE-3FC8081AE960}.Debug|x64.ActiveCfg = Debug|Any CPU
		{2B4AE1C8-2DB3-4540-ACAE-3FC8081AE960}.Debug|x64.Build.0 = Debug|Any CPU
		{2B4AE1C8-2DB3-4540-ACAE-3FC8081AE960}.Debug|x86.ActiveCfg = Debug|Any CPU
		{2B4AE1C8-2DB3-4540-ACAE-3FC8081AE960}.Debug|x86.Build.0 = Debug|Any CPU
		{2B4AE1C8-2DB3-4540-ACAE-3FC8081AE960}.Release|Any CPU.ActiveCfg = Release|Any CPU
		{2B4AE1C8-2DB3-4540-ACAE-3FC8081AE960}.Release|Any CPU.Build.0 = Release|Any CPU
		{2B4AE1C8-2DB3-4540-ACAE-3FC8081AE960}.Release|x64.ActiveCfg = Release|Any CPU
		{2B4AE1C8-2DB3-4540-ACAE-3FC8081AE960}.Release|x64.Build.0 = Release|Any CPU
		{2B4AE1C8-2DB3-4540-ACAE-3FC8081AE960}.Release|x86.ActiveCfg = Release|Any CPU
		{2B4AE1C8-2DB3-4540-ACAE-3FC8081AE960}.Release|x86.Build.0 = Release|Any CPU
		{27059B10-8337-4F02-8F0E-32F03104400A}.Debug|Any CPU.ActiveCfg = Debug|Any CPU
		{27059B10-8337-4F02-8F0E-32F03104400A}.Debug|Any CPU.Build.0 = Debug|Any CPU
		{27059B10-8337-4F02-8F0E-32F03104400A}.Debug|x64.ActiveCfg = Debug|Any CPU
		{27059B10-8337-4F02-8F0E-32F03104400A}.Debug|x64.Build.0 = Debug|Any CPU
		{27059B10-8337-4F02-8F0E-32F03104400A}.Debug|x86.ActiveCfg = Debug|Any CPU
		{27059B10-8337-4F02-8F0E-32F03104400A}.Debug|x86.Build.0 = Debug|Any CPU
		{27059B10-8337-4F02-8F0E-32F03104400A}.Release|Any CPU.ActiveCfg = Release|Any CPU
		{27059B10-8337-4F02-8F0E-32F03104400A}.Release|Any CPU.Build.0 = Release|Any CPU
		{27059B10-8337-4F02-8F0E-32F03104400A}.Release|x64.ActiveCfg = Release|Any CPU
		{27059B10-8337-4F02-8F0E-32F03104400A}.Release|x64.Build.0 = Release|Any CPU
		{27059B10-8337-4F02-8F0E-32F03104400A}.Release|x86.ActiveCfg = Release|Any CPU
		{27059B10-8337-4F02-8F0E-32F03104400A}.Release|x86.Build.0 = Release|Any CPU
	EndGlobalSection
	GlobalSection(SolutionProperties) = preSolution
		HideSolutionNode = FALSE
	EndGlobalSection
	GlobalSection(NestedProjects) = preSolution
		{A52DC9C9-2227-4AA9-9571-C651411A0C53} = {4795FF4F-D3C1-4316-ABA1-2A9CAF9A12D7}
		{8F58EC5D-2C97-435C-86C6-A84EE260BC2D} = {4795FF4F-D3C1-4316-ABA1-2A9CAF9A12D7}
		{CD5691F4-AE16-4663-BBD3-6C07A8D3B634} = {4795FF4F-D3C1-4316-ABA1-2A9CAF9A12D7}
		{7DF16C8F-F62C-4F64-96BA-49BD136CD99B} = {4795FF4F-D3C1-4316-ABA1-2A9CAF9A12D7}
		{DDFEF586-F937-4ACC-A38B-3B1041A35FC1} = {C5DF8FC8-8C37-43B1-99DF-B3B2158DB31A}
		{51DBBED3-8522-411F-B0B5-94B29B58B65A} = {C5DF8FC8-8C37-43B1-99DF-B3B2158DB31A}
		{8AF24392-1D50-43E2-AC35-1BCDF0DA1DFF} = {C5DF8FC8-8C37-43B1-99DF-B3B2158DB31A}
		{2B4AE1C8-2DB3-4540-ACAE-3FC8081AE960} = {3DF7959F-E971-410A-8D40-EC2E223E5C9B}
	EndGlobalSection
	GlobalSection(ExtensibilityGlobals) = postSolution
		SolutionGuid = {8B1A41F3-D616-4684-9D6F-945503FA3E54}
	EndGlobalSection
EndGlobal
